
Microsoft Visual Studio Solution File, Format Version 12.00
# Visual Studio Version 17
VisualStudioVersion = 17.8.34511.84
MinimumVisualStudioVersion = 10.0.40219.1
Project("{FAE04EC0-301F-11D3-BF4B-00C04F79EFBC}") = "CalculoDeCombustible", "CalculoDeCombustible\CalculoDeCombustible.csproj", "{B5211703-D751-4FB3-85BC-20025E34EB70}"
EndProject
Global
	GlobalSection(SolutionConfigurationPlatforms) = preSolution
		Debug|Any CPU = Debug|Any CPU
		Release|Any CPU = Release|Any CPU
	EndGlobalSection
	GlobalSection(ProjectConfigurationPlatforms) = postSolution
		{B5211703-D751-4FB3-85BC-20025E34EB70}.Debug|Any CPU.ActiveCfg = Debug|Any CPU
		{B5211703-D751-4FB3-85BC-20025E34EB70}.Debug|Any CPU.Build.0 = Debug|Any CPU
		{B5211703-D751-4FB3-85BC-20025E34EB70}.Release|Any CPU.ActiveCfg = Release|Any CPU
		{B5211703-D751-4FB3-85BC-20025E34EB70}.Release|Any CPU.Build.0 = Release|Any CPU
	EndGlobalSection
	GlobalSection(SolutionProperties) = preSolution
		HideSolutionNode = FALSE
	EndGlobalSection
	GlobalSection(ExtensibilityGlobals) = postSolution
		SolutionGuid = {ADDCE73E-AABD-49DB-A04D-A2A8E9D121CF}
	EndGlobalSection
EndGlobal
